// !$*UTF8*$!
{
	archiveVersion = 1;
	classes = {
	};
	objectVersion = 55;
	objects = {

/* Begin PBXBuildFile section */
		552E97D6293D56F3003C7055 /* AppDelegate.swift in Sources */ = {isa = PBXBuildFile; fileRef = 552E97D5293D56F3003C7055 /* AppDelegate.swift */; };
		552E97D8293D56F3003C7055 /* ViewController.swift in Sources */ = {isa = PBXBuildFile; fileRef = 552E97D7293D56F3003C7055 /* ViewController.swift */; };
		552E97DA293D56F4003C7055 /* Assets.xcassets in Resources */ = {isa = PBXBuildFile; fileRef = 552E97D9293D56F4003C7055 /* Assets.xcassets */; };
		552E97DD293D56F4003C7055 /* Main.storyboard in Resources */ = {isa = PBXBuildFile; fileRef = 552E97DB293D56F4003C7055 /* Main.storyboard */; };
		552E97E5293D5969003C7055 /* Renderer.swift in Sources */ = {isa = PBXBuildFile; fileRef = 552E97E4293D5969003C7055 /* Renderer.swift */; };
		552E97E7293EB020003C7055 /* Shaders.metal in Sources */ = {isa = PBXBuildFile; fileRef = 552E97E6293EB020003C7055 /* Shaders.metal */; };
		552E97E92948D613003C7055 /* Extensions.swift in Sources */ = {isa = PBXBuildFile; fileRef = 552E97E82948D613003C7055 /* Extensions.swift */; };
		552E97EB294A2000003C7055 /* Model.swift in Sources */ = {isa = PBXBuildFile; fileRef = 552E97EA294A2000003C7055 /* Model.swift */; };
		552E97EE294A2298003C7055 /* train.mtl in Resources */ = {isa = PBXBuildFile; fileRef = 552E97EC294A2298003C7055 /* train.mtl */; };
		552E97EF294A2298003C7055 /* train.obj in Resources */ = {isa = PBXBuildFile; fileRef = 552E97ED294A2298003C7055 /* train.obj */; };
		55446369296752DA0057C02C /* Node.swift in Sources */ = {isa = PBXBuildFile; fileRef = 55446368296752D90057C02C /* Node.swift */; };
		5544636B296759460057C02C /* Scene.swift in Sources */ = {isa = PBXBuildFile; fileRef = 5544636A296759460057C02C /* Scene.swift */; };
		5544636D296759700057C02C /* GameScene.swift in Sources */ = {isa = PBXBuildFile; fileRef = 5544636C296759700057C02C /* GameScene.swift */; };
		5544636F296759B80057C02C /* Renderable.swift in Sources */ = {isa = PBXBuildFile; fileRef = 5544636E296759B80057C02C /* Renderable.swift */; };
		55886BC32951FDF500E6D549 /* MathLibrary.swift in Sources */ = {isa = PBXBuildFile; fileRef = 55886BC22951FDF500E6D549 /* MathLibrary.swift */; };
		55886BC52951FEC500E6D549 /* treefir.mtl in Sources */ = {isa = PBXBuildFile; fileRef = 55886BC42951FEC500E6D549 /* treefir.mtl */; };
		55886BC72951FF2B00E6D549 /* treefir.obj in Resources */ = {isa = PBXBuildFile; fileRef = 55886BC62951FF2B00E6D549 /* treefir.obj */; };
		55886BC92951FFA400E6D549 /* Transform.swift in Sources */ = {isa = PBXBuildFile; fileRef = 55886BC82951FFA400E6D549 /* Transform.swift */; };
		55886BCB29535AF100E6D549 /* Camera.swift in Sources */ = {isa = PBXBuildFile; fileRef = 55886BCA29535AF100E6D549 /* Camera.swift */; };
		55E72F35298F734600253B7E /* .gitignore in Resources */ = {isa = PBXBuildFile; fileRef = 55E72F34298F734600253B7E /* .gitignore */; };
/* End PBXBuildFile section */

/* Begin PBXFileReference section */
		552E97D2293D56F3003C7055 /* Muscat.app */ = {isa = PBXFileReference; explicitFileType = wrapper.application; includeInIndex = 0; path = Muscat.app; sourceTree = BUILT_PRODUCTS_DIR; };
		552E97D5293D56F3003C7055 /* AppDelegate.swift */ = {isa = PBXFileReference; lastKnownFileType = sourcecode.swift; path = AppDelegate.swift; sourceTree = "<group>"; };
		552E97D7293D56F3003C7055 /* ViewController.swift */ = {isa = PBXFileReference; lastKnownFileType = sourcecode.swift; path = ViewController.swift; sourceTree = "<group>"; };
		552E97D9293D56F4003C7055 /* Assets.xcassets */ = {isa = PBXFileReference; lastKnownFileType = folder.assetcatalog; path = Assets.xcassets; sourceTree = "<group>"; };
		552E97DC293D56F4003C7055 /* Base */ = {isa = PBXFileReference; lastKnownFileType = file.storyboard; name = Base; path = Base.lproj/Main.storyboard; sourceTree = "<group>"; };
		552E97DE293D56F4003C7055 /* Muscat.entitlements */ = {isa = PBXFileReference; lastKnownFileType = text.plist.entitlements; path = Muscat.entitlements; sourceTree = "<group>"; };
		552E97E4293D5969003C7055 /* Renderer.swift */ = {isa = PBXFileReference; lastKnownFileType = sourcecode.swift; path = Renderer.swift; sourceTree = "<group>"; };
		552E97E6293EB020003C7055 /* Shaders.metal */ = {isa = PBXFileReference; lastKnownFileType = sourcecode.metal; path = Shaders.metal; sourceTree = "<group>"; };
		552E97E82948D613003C7055 /* Extensions.swift */ = {isa = PBXFileReference; lastKnownFileType = sourcecode.swift; path = Extensions.swift; sourceTree = "<group>"; };
		552E97EA294A2000003C7055 /* Model.swift */ = {isa = PBXFileReference; lastKnownFileType = sourcecode.swift; path = Model.swift; sourceTree = "<group>"; };
		552E97EC294A2298003C7055 /* train.mtl */ = {isa = PBXFileReference; fileEncoding = 4; lastKnownFileType = text; path = train.mtl; sourceTree = "<group>"; };
		552E97ED294A2298003C7055 /* train.obj */ = {isa = PBXFileReference; fileEncoding = 4; lastKnownFileType = text; path = train.obj; sourceTree = "<group>"; };
		55446368296752D90057C02C /* Node.swift */ = {isa = PBXFileReference; lastKnownFileType = sourcecode.swift; path = Node.swift; sourceTree = "<group>"; };
		5544636A296759460057C02C /* Scene.swift */ = {isa = PBXFileReference; lastKnownFileType = sourcecode.swift; path = Scene.swift; sourceTree = "<group>"; };
		5544636C296759700057C02C /* GameScene.swift */ = {isa = PBXFileReference; lastKnownFileType = sourcecode.swift; path = GameScene.swift; sourceTree = "<group>"; };
		5544636E296759B80057C02C /* Renderable.swift */ = {isa = PBXFileReference; lastKnownFileType = sourcecode.swift; path = Renderable.swift; sourceTree = "<group>"; };
		55886BC22951FDF500E6D549 /* MathLibrary.swift */ = {isa = PBXFileReference; lastKnownFileType = sourcecode.swift; path = MathLibrary.swift; sourceTree = "<group>"; };
		55886BC42951FEC500E6D549 /* treefir.mtl */ = {isa = PBXFileReference; lastKnownFileType = text; path = treefir.mtl; sourceTree = "<group>"; };
		55886BC62951FF2B00E6D549 /* treefir.obj */ = {isa = PBXFileReference; lastKnownFileType = text.xml; path = treefir.obj; sourceTree = "<group>"; };
		55886BC82951FFA400E6D549 /* Transform.swift */ = {isa = PBXFileReference; lastKnownFileType = sourcecode.swift; path = Transform.swift; sourceTree = "<group>"; };
		55886BCA29535AF100E6D549 /* Camera.swift */ = {isa = PBXFileReference; lastKnownFileType = sourcecode.swift; path = Camera.swift; sourceTree = "<group>"; };
		55886BCC29535E3700E6D549 /* Common.h */ = {isa = PBXFileReference; lastKnownFileType = sourcecode.c.h; path = Common.h; sourceTree = "<group>"; };
		55E72F34298F734600253B7E /* .gitignore */ = {isa = PBXFileReference; lastKnownFileType = text; path = .gitignore; sourceTree = "<group>"; };
/* End PBXFileReference section */

/* Begin PBXFrameworksBuildPhase section */
		552E97CF293D56F3003C7055 /* Frameworks */ = {
			isa = PBXFrameworksBuildPhase;
			buildActionMask = 2147483647;
			files = (
			);
			runOnlyForDeploymentPostprocessing = 0;
		};
/* End PBXFrameworksBuildPhase section */

/* Begin PBXGroup section */
		552E97C9293D56F3003C7055 = {
			isa = PBXGroup;
			children = (
				55E72F34298F734600253B7E /* .gitignore */,
				552E97D4293D56F3003C7055 /* Muscat */,
				552E97D3293D56F3003C7055 /* Products */,
			);
			sourceTree = "<group>";
		};
		552E97D3293D56F3003C7055 /* Products */ = {
			isa = PBXGroup;
			children = (
				552E97D2293D56F3003C7055 /* Muscat.app */,
			);
			name = Products;
			sourceTree = "<group>";
		};
		552E97D4293D56F3003C7055 /* Muscat */ = {
			isa = PBXGroup;
			children = (
				552E97DE293D56F4003C7055 /* Muscat.entitlements */,
				55886BCC29535E3700E6D549 /* Common.h */,
				552E97E6293EB020003C7055 /* Shaders.metal */,
				552E97D5293D56F3003C7055 /* AppDelegate.swift */,
				55886BCA29535AF100E6D549 /* Camera.swift */,
				552E97E82948D613003C7055 /* Extensions.swift */,
				5544636C296759700057C02C /* GameScene.swift */,
				55886BC22951FDF500E6D549 /* MathLibrary.swift */,
				552E97EA294A2000003C7055 /* Model.swift */,
				55446368296752D90057C02C /* Node.swift */,
				552E97E4293D5969003C7055 /* Renderer.swift */,
				5544636A296759460057C02C /* Scene.swift */,
				55886BC82951FFA400E6D549 /* Transform.swift */,
				552E97D7293D56F3003C7055 /* ViewController.swift */,
				552E97D9293D56F4003C7055 /* Assets.xcassets */,
				552E97DB293D56F4003C7055 /* Main.storyboard */,
				552E97F0294A22B5003C7055 /* Models */,
				5544636E296759B80057C02C /* Renderable.swift */,
			);
			path = Muscat;
			sourceTree = "<group>";
		};
		552E97F0294A22B5003C7055 /* Models */ = {
			isa = PBXGroup;
			children = (
				552E97EC294A2298003C7055 /* train.mtl */,
				552E97ED294A2298003C7055 /* train.obj */,
				55886BC42951FEC500E6D549 /* treefir.mtl */,
				55886BC62951FF2B00E6D549 /* treefir.obj */,
			);
			path = Models;
			sourceTree = "<group>";
		};
/* End PBXGroup section */

/* Begin PBXNativeTarget section */
		552E97D1293D56F3003C7055 /* Muscat */ = {
			isa = PBXNativeTarget;
			buildConfigurationList = 552E97E1293D56F4003C7055 /* Build configuration list for PBXNativeTarget "Muscat" */;
			buildPhases = (
				552E97CE293D56F3003C7055 /* Sources */,
				552E97CF293D56F3003C7055 /* Frameworks */,
				552E97D0293D56F3003C7055 /* Resources */,
			);
			buildRules = (
			);
			dependencies = (
			);
			name = Muscat;
			productName = Muscat;
			productReference = 552E97D2293D56F3003C7055 /* Muscat.app */;
			productType = "com.apple.product-type.application";
		};
/* End PBXNativeTarget section */

/* Begin PBXProject section */
		552E97CA293D56F3003C7055 /* Project object */ = {
			isa = PBXProject;
			attributes = {
				BuildIndependentTargetsInParallel = 1;
				LastSwiftUpdateCheck = 1340;
				LastUpgradeCheck = 1340;
				TargetAttributes = {
					552E97D1293D56F3003C7055 = {
						CreatedOnToolsVersion = 13.4.1;
					};
				};
			};
			buildConfigurationList = 552E97CD293D56F3003C7055 /* Build configuration list for PBXProject "Muscat" */;
			compatibilityVersion = "Xcode 13.0";
			developmentRegion = en;
			hasScannedForEncodings = 0;
			knownRegions = (
				en,
				Base,
			);
			mainGroup = 552E97C9293D56F3003C7055;
			productRefGroup = 552E97D3293D56F3003C7055 /* Products */;
			projectDirPath = "";
			projectRoot = "";
			targets = (
				552E97D1293D56F3003C7055 /* Muscat */,
			);
		};
/* End PBXProject section */

/* Begin PBXResourcesBuildPhase section */
		552E97D0293D56F3003C7055 /* Resources */ = {
			isa = PBXResourcesBuildPhase;
			buildActionMask = 2147483647;
			files = (
				55886BC72951FF2B00E6D549 /* treefir.obj in Resources */,
				552E97EF294A2298003C7055 /* train.obj in Resources */,
				552E97DA293D56F4003C7055 /* Assets.xcassets in Resources */,
				552E97DD293D56F4003C7055 /* Main.storyboard in Resources */,
				55E72F35298F734600253B7E /* .gitignore in Resources */,
				552E97EE294A2298003C7055 /* train.mtl in Resources */,
			);
			runOnlyForDeploymentPostprocessing = 0;
		};
/* End PBXResourcesBuildPhase section */

/* Begin PBXSourcesBuildPhase section */
		552E97CE293D56F3003C7055 /* Sources */ = {
			isa = PBXSourcesBuildPhase;
			buildActionMask = 2147483647;
			files = (
				552E97E92948D613003C7055 /* Extensions.swift in Sources */,
				55886BC32951FDF500E6D549 /* MathLibrary.swift in Sources */,
				552E97E7293EB020003C7055 /* Shaders.metal in Sources */,
				55446369296752DA0057C02C /* Node.swift in Sources */,
				552E97D8293D56F3003C7055 /* ViewController.swift in Sources */,
				552E97EB294A2000003C7055 /* Model.swift in Sources */,
				552E97E5293D5969003C7055 /* Renderer.swift in Sources */,
				55886BCB29535AF100E6D549 /* Camera.swift in Sources */,
				5544636D296759700057C02C /* GameScene.swift in Sources */,
				5544636F296759B80057C02C /* Renderable.swift in Sources */,
				5544636B296759460057C02C /* Scene.swift in Sources */,
				55886BC52951FEC500E6D549 /* treefir.mtl in Sources */,
				55886BC92951FFA400E6D549 /* Transform.swift in Sources */,
				552E97D6293D56F3003C7055 /* AppDelegate.swift in Sources */,
			);
			runOnlyForDeploymentPostprocessing = 0;
		};
/* End PBXSourcesBuildPhase section */

/* Begin PBXVariantGroup section */
		552E97DB293D56F4003C7055 /* Main.storyboard */ = {
			isa = PBXVariantGroup;
			children = (
				552E97DC293D56F4003C7055 /* Base */,
			);
			name = Main.storyboard;
			sourceTree = "<group>";
		};
/* End PBXVariantGroup section */

/* Begin XCBuildConfiguration section */
		552E97DF293D56F4003C7055 /* Debug */ = {
			isa = XCBuildConfiguration;
			buildSettings = {
				ALWAYS_SEARCH_USER_PATHS = NO;
				CLANG_ANALYZER_NONNULL = YES;
				CLANG_ANALYZER_NUMBER_OBJECT_CONVERSION = YES_AGGRESSIVE;
				CLANG_CXX_LANGUAGE_STANDARD = "gnu++17";
				CLANG_ENABLE_MODULES = YES;
				CLANG_ENABLE_OBJC_ARC = YES;
				CLANG_ENABLE_OBJC_WEAK = YES;
				CLANG_WARN_BLOCK_CAPTURE_AUTORELEASING = YES;
				CLANG_WARN_BOOL_CONVERSION = YES;
				CLANG_WARN_COMMA = YES;
				CLANG_WARN_CONSTANT_CONVERSION = YES;
				CLANG_WARN_DEPRECATED_OBJC_IMPLEMENTATIONS = YES;
				CLANG_WARN_DIRECT_OBJC_ISA_USAGE = YES_ERROR;
				CLANG_WARN_DOCUMENTATION_COMMENTS = YES;
				CLANG_WARN_EMPTY_BODY = YES;
				CLANG_WARN_ENUM_CONVERSION = YES;
				CLANG_WARN_INFINITE_RECURSION = YES;
				CLANG_WARN_INT_CONVERSION = YES;
				CLANG_WARN_NON_LITERAL_NULL_CONVERSION = YES;
				CLANG_WARN_OBJC_IMPLICIT_RETAIN_SELF = YES;
				CLANG_WARN_OBJC_LITERAL_CONVERSION = YES;
				CLANG_WARN_OBJC_ROOT_CLASS = YES_ERROR;
				CLANG_WARN_QUOTED_INCLUDE_IN_FRAMEWORK_HEADER = YES;
				CLANG_WARN_RANGE_LOOP_ANALYSIS = YES;
				CLANG_WARN_STRICT_PROTOTYPES = YES;
				CLANG_WARN_SUSPICIOUS_MOVE = YES;
				CLANG_WARN_UNGUARDED_AVAILABILITY = YES_AGGRESSIVE;
				CLANG_WARN_UNREACHABLE_CODE = YES;
				CLANG_WARN__DUPLICATE_METHOD_MATCH = YES;
				COPY_PHASE_STRIP = NO;
				DEBUG_INFORMATION_FORMAT = dwarf;
				ENABLE_STRICT_OBJC_MSGSEND = YES;
				ENABLE_TESTABILITY = YES;
				GCC_C_LANGUAGE_STANDARD = gnu11;
				GCC_DYNAMIC_NO_PIC = NO;
				GCC_NO_COMMON_BLOCKS = YES;
				GCC_OPTIMIZATION_LEVEL = 0;
				GCC_PREPROCESSOR_DEFINITIONS = (
					"DEBUG=1",
					"$(inherited)",
				);
				GCC_WARN_64_TO_32_BIT_CONVERSION = YES;
				GCC_WARN_ABOUT_RETURN_TYPE = YES_ERROR;
				GCC_WARN_UNDECLARED_SELECTOR = YES;
				GCC_WARN_UNINITIALIZED_AUTOS = YES_AGGRESSIVE;
				GCC_WARN_UNUSED_FUNCTION = YES;
				GCC_WARN_UNUSED_VARIABLE = YES;
				MACOSX_DEPLOYMENT_TARGET = 12.3;
				MTL_ENABLE_DEBUG_INFO = INCLUDE_SOURCE;
				MTL_FAST_MATH = YES;
				ONLY_ACTIVE_ARCH = YES;
				SDKROOT = macosx;
				SWIFT_ACTIVE_COMPILATION_CONDITIONS = DEBUG;
				SWIFT_OBJC_BRIDGING_HEADER = Muscat/Common.h;
				SWIFT_OPTIMIZATION_LEVEL = "-Onone";
			};
			name = Debug;
		};
		552E97E0293D56F4003C7055 /* Release */ = {
			isa = XCBuildConfiguration;
			buildSettings = {
				ALWAYS_SEARCH_USER_PATHS = NO;
				CLANG_ANALYZER_NONNULL = YES;
				CLANG_ANALYZER_NUMBER_OBJECT_CONVERSION = YES_AGGRESSIVE;
				CLANG_CXX_LANGUAGE_STANDARD = "gnu++17";
				CLANG_ENABLE_MODULES = YES;
				CLANG_ENABLE_OBJC_ARC = YES;
				CLANG_ENABLE_OBJC_WEAK = YES;
				CLANG_WARN_BLOCK_CAPTURE_AUTORELEASING = YES;
				CLANG_WARN_BOOL_CONVERSION = YES;
				CLANG_WARN_COMMA = YES;
				CLANG_WARN_CONSTANT_CONVERSION = YES;
				CLANG_WARN_DEPRECATED_OBJC_IMPLEMENTATIONS = YES;
				CLANG_WARN_DIRECT_OBJC_ISA_USAGE = YES_ERROR;
				CLANG_WARN_DOCUMENTATION_COMMENTS = YES;
				CLANG_WARN_EMPTY_BODY = YES;
				CLANG_WARN_ENUM_CONVERSION = YES;
				CLANG_WARN_INFINITE_RECURSION = YES;
				CLANG_WARN_INT_CONVERSION = YES;
				CLANG_WARN_NON_LITERAL_NULL_CONVERSION = YES;
				CLANG_WARN_OBJC_IMPLICIT_RETAIN_SELF = YES;
				CLANG_WARN_OBJC_LITERAL_CONVERSION = YES;
				CLANG_WARN_OBJC_ROOT_CLASS = YES_ERROR;
				CLANG_WARN_QUOTED_INCLUDE_IN_FRAMEWORK_HEADER = YES;
				CLANG_WARN_RANGE_LOOP_ANALYSIS = YES;
				CLANG_WARN_STRICT_PROTOTYPES = YES;
				CLANG_WARN_SUSPICIOUS_MOVE = YES;
				CLANG_WARN_UNGUARDED_AVAILABILITY = YES_AGGRESSIVE;
				CLANG_WARN_UNREACHABLE_CODE = YES;
				CLANG_WARN__DUPLICATE_METHOD_MATCH = YES;
				COPY_PHASE_STRIP = NO;
				DEBUG_INFORMATION_FORMAT = "dwarf-with-dsym";
				ENABLE_NS_ASSERTIONS = NO;
				ENABLE_STRICT_OBJC_MSGSEND = YES;
				GCC_C_LANGUAGE_STANDARD = gnu11;
				GCC_NO_COMMON_BLOCKS = YES;
				GCC_WARN_64_TO_32_BIT_CONVERSION = YES;
				GCC_WARN_ABOUT_RETURN_TYPE = YES_ERROR;
				GCC_WARN_UNDECLARED_SELECTOR = YES;
				GCC_WARN_UNINITIALIZED_AUTOS = YES_AGGRESSIVE;
				GCC_WARN_UNUSED_FUNCTION = YES;
				GCC_WARN_UNUSED_VARIABLE = YES;
				MACOSX_DEPLOYMENT_TARGET = 12.3;
				MTL_ENABLE_DEBUG_INFO = NO;
				MTL_FAST_MATH = YES;
				SDKROOT = macosx;
				SWIFT_COMPILATION_MODE = wholemodule;
				SWIFT_OBJC_BRIDGING_HEADER = Muscat/Common.h;
				SWIFT_OPTIMIZATION_LEVEL = "-O";
			};
			name = Release;
		};
		552E97E2293D56F4003C7055 /* Debug */ = {
			isa = XCBuildConfiguration;
			buildSettings = {
				ASSETCATALOG_COMPILER_APPICON_NAME = AppIcon;
				ASSETCATALOG_COMPILER_GLOBAL_ACCENT_COLOR_NAME = AccentColor;
				CODE_SIGN_ENTITLEMENTS = Muscat/Muscat.entitlements;
				CODE_SIGN_STYLE = Automatic;
				COMBINE_HIDPI_IMAGES = YES;
				CURRENT_PROJECT_VERSION = 1;
				GENERATE_INFOPLIST_FILE = YES;
				INFOPLIST_FILE = "";
				INFOPLIST_KEY_NSHumanReadableCopyright = "";
				INFOPLIST_KEY_NSMainStoryboardFile = Main;
				INFOPLIST_KEY_NSPrincipalClass = NSApplication;
				LD_RUNPATH_SEARCH_PATHS = (
					"$(inherited)",
					"@executable_path/../Frameworks",
				);
				MARKETING_VERSION = 1.0;
				PRODUCT_BUNDLE_IDENTIFIER = buzzwon.Muscat;
				PRODUCT_NAME = "$(TARGET_NAME)";
				SWIFT_EMIT_LOC_STRINGS = YES;
				SWIFT_VERSION = 5.0;
			};
			name = Debug;
		};
		552E97E3293D56F4003C7055 /* Release */ = {
			isa = XCBuildConfiguration;
			buildSettings = {
				ASSETCATALOG_COMPILER_APPICON_NAME = AppIcon;
				ASSETCATALOG_COMPILER_GLOBAL_ACCENT_COLOR_NAME = AccentColor;
				CODE_SIGN_ENTITLEMENTS = Muscat/Muscat.entitlements;
				CODE_SIGN_STYLE = Automatic;
				COMBINE_HIDPI_IMAGES = YES;
				CURRENT_PROJECT_VERSION = 1;
				GENERATE_INFOPLIST_FILE = YES;
				INFOPLIST_FILE = "";
				INFOPLIST_KEY_NSHumanReadableCopyright = "";
				INFOPLIST_KEY_NSMainStoryboardFile = Main;
				INFOPLIST_KEY_NSPrincipalClass = NSApplication;
				LD_RUNPATH_SEARCH_PATHS = (
					"$(inherited)",
					"@executable_path/../Frameworks",
				);
				MARKETING_VERSION = 1.0;
				PRODUCT_BUNDLE_IDENTIFIER = buzzwon.Muscat;
				PRODUCT_NAME = "$(TARGET_NAME)";
				SWIFT_EMIT_LOC_STRINGS = YES;
				SWIFT_VERSION = 5.0;
			};
			name = Release;
		};
/* End XCBuildConfiguration section */

/* Begin XCConfigurationList section */
		552E97CD293D56F3003C7055 /* Build configuration list for PBXProject "Muscat" */ = {
			isa = XCConfigurationList;
			buildConfigurations = (
				552E97DF293D56F4003C7055 /* Debug */,
				552E97E0293D56F4003C7055 /* Release */,
			);
			defaultConfigurationIsVisible = 0;
			defaultConfigurationName = Release;
		};
		552E97E1293D56F4003C7055 /* Build configuration list for PBXNativeTarget "Muscat" */ = {
			isa = XCConfigurationList;
			buildConfigurations = (
				552E97E2293D56F4003C7055 /* Debug */,
				552E97E3293D56F4003C7055 /* Release */,
			);
			defaultConfigurationIsVisible = 0;
			defaultConfigurationName = Release;
		};
/* End XCConfigurationList section */
	};
	rootObject = 552E97CA293D56F3003C7055 /* Project object */;
}
